
Microsoft Visual Studio Solution File, Format Version 12.00
# Visual Studio Version 17
VisualStudioVersion = 17.11.35303.130
MinimumVisualStudioVersion = 10.0.40219.1
Project("{9A19103F-16F7-4668-BE54-9A1E7A4F7556}") = "Bank", "Bank\Bank.csproj", "{CECE854D-778B-4DDF-BFDB-16ECFE8784EB}"
EndProject
Project("{9A19103F-16F7-4668-BE54-9A1E7A4F7556}") = "BankTests", "BankTests\BankTests.csproj", "{763E9284-7B94-4733-B3CA-FB828251B7DA}"
EndProject
Global
	GlobalSection(SolutionConfigurationPlatforms) = preSolution
		Debug|Any CPU = Debug|Any CPU
		Release|Any CPU = Release|Any CPU
	EndGlobalSection
	GlobalSection(ProjectConfigurationPlatforms) = postSolution
		{CECE854D-778B-4DDF-BFDB-16ECFE8784EB}.Debug|Any CPU.ActiveCfg = Debug|Any CPU
		{CECE854D-778B-4DDF-BFDB-16ECFE8784EB}.Debug|Any CPU.Build.0 = Debug|Any CPU
		{CECE854D-778B-4DDF-BFDB-16ECFE8784EB}.Release|Any CPU.ActiveCfg = Release|Any CPU
		{CECE854D-778B-4DDF-BFDB-16ECFE8784EB}.Release|Any CPU.Build.0 = Release|Any CPU
		{763E9284-7B94-4733-B3CA-FB828251B7DA}.Debug|Any CPU.ActiveCfg = Debug|Any CPU
		{763E9284-7B94-4733-B3CA-FB828251B7DA}.Debug|Any CPU.Build.0 = Debug|Any CPU
		{763E9284-7B94-4733-B3CA-FB828251B7DA}.Release|Any CPU.ActiveCfg = Release|Any CPU
		{763E9284-7B94-4733-B3CA-FB828251B7DA}.Release|Any CPU.Build.0 = Release|Any CPU
	EndGlobalSection
	GlobalSection(SolutionProperties) = preSolution
		HideSolutionNode = FALSE
	EndGlobalSection
	GlobalSection(ExtensibilityGlobals) = postSolution
		SolutionGuid = {B52B63EA-CFFC-4388-AB56-D32A5192BAFC}
	EndGlobalSection
EndGlobal
