
Microsoft Visual Studio Solution File, Format Version 12.00
# Visual Studio Version 17
VisualStudioVersion = 17.8.34316.72
MinimumVisualStudioVersion = 10.0.40219.1
Project("{FAE04EC0-301F-11D3-BF4B-00C04F79EFBC}") = "Aula 01", "Aula 01\Aula 01.csproj", "{8D248D7C-376E-4419-B483-53B234D7C8F8}"
EndProject
Project("{FAE04EC0-301F-11D3-BF4B-00C04F79EFBC}") = "Aula 02", "Aula 02\Aula 02.csproj", "{A5C80723-9D46-4648-96D7-E6BBF9B77E96}"
EndProject
Project("{FAE04EC0-301F-11D3-BF4B-00C04F79EFBC}") = "Aula 03", "Aula 03\Aula 03.csproj", "{C20041F8-68AE-420E-AD95-E36C56F6427E}"
EndProject
Project("{FAE04EC0-301F-11D3-BF4B-00C04F79EFBC}") = "Aula 04", "Aula 04\Aula 04.csproj", "{7ACB1375-16EE-4572-9B4D-99B0A46C083E}"
EndProject
Project("{FAE04EC0-301F-11D3-BF4B-00C04F79EFBC}") = "Aula 05", "Aula 05\Aula 05.csproj", "{01E1B64E-6EF2-4DCA-A1DE-3072F7F5C9CA}"
EndProject
Project("{FAE04EC0-301F-11D3-BF4B-00C04F79EFBC}") = "Aula 06", "Aula 06\Aula 06.csproj", "{960F11B2-FE3E-4EB5-BC25-E2DEEE78E76D}"
EndProject
Project("{FAE04EC0-301F-11D3-BF4B-00C04F79EFBC}") = "GereOficina", "GereOficina\GereOficina.csproj", "{E00D1CF0-BD7C-49C8-A446-BD93C8813CEB}"
EndProject
Project("{FAE04EC0-301F-11D3-BF4B-00C04F79EFBC}") = "Aula-10-Varios-Parametros", "Aula-10-Varios\Aula-10-Varios-Parametros.csproj", "{4B4803D2-F33E-446F-8288-351BBB7E97CD}"
EndProject
Project("{FAE04EC0-301F-11D3-BF4B-00C04F79EFBC}") = "Aula 09-Libraries", "Aula 09-Libraries\Aula 09-Libraries.csproj", "{6C035B3A-1CFB-447A-B257-FFB2B8833C20}"
EndProject
Project("{FAE04EC0-301F-11D3-BF4B-00C04F79EFBC}") = "Calculadora", "Calculadora\Calculadora.csproj", "{B66ADEEE-F07C-4DE5-9DC3-E1D9268021CD}"
EndProject
Project("{FAE04EC0-301F-11D3-BF4B-00C04F79EFBC}") = "Aula-11-Collections", "Aula-11-Collections\Aula-11-Collections.csproj", "{10B7AA86-3B65-43B9-BCA7-9CE1C4148F23}"
EndProject
Project("{FAE04EC0-301F-11D3-BF4B-00C04F79EFBC}") = "Aula-12-Generics", "Aula-12-Generics\Aula-12-Generics.csproj", "{06E65429-87B3-4C7C-A11F-8DD528A01E43}"
EndProject
Project("{FAE04EC0-301F-11D3-BF4B-00C04F79EFBC}") = "Aula-13-Files", "Aula-13-Files\Aula-13-Files.csproj", "{672C237E-E4F0-405B-ABE9-9DB4E859B610}"
EndProject
Project("{FAE04EC0-301F-11D3-BF4B-00C04F79EFBC}") = "GereClientes", "Aula-15-Patterns\Aula 15 - NTier - GereClientesCamadas\GereClientes\GereClientes.csproj", "{1C61CFA8-93C1-45F6-B6D1-29C507A1D535}"
EndProject
Project("{2150E333-8FDC-42A3-9474-1A3956D46DE8}") = "Aula-15-Patterns", "Aula-15-Patterns", "{A3924EEB-3186-45D8-BCFE-BA975EB454D5}"
EndProject
Project("{FAE04EC0-301F-11D3-BF4B-00C04F79EFBC}") = "Aula 15 - Patterns I", "Aula-15-Patterns\Aula 15 - Patterns I\Aula 15 - Patterns I.csproj", "{1F323749-4E0A-43DC-8698-24E2769AD436}"
EndProject
Project("{2150E333-8FDC-42A3-9474-1A3956D46DE8}") = "NTier", "NTier", "{6AA01382-54FB-4D37-9CDC-8A5D35B10189}"
EndProject
Project("{FAE04EC0-301F-11D3-BF4B-00C04F79EFBC}") = "BO", "Aula-15-Patterns\Aula 15 - NTier - GereClientesCamadas\BO\BO.csproj", "{8FFD2734-912E-49BC-B46F-B4A78444741A}"
EndProject
Project("{FAE04EC0-301F-11D3-BF4B-00C04F79EFBC}") = "Dados", "Aula-15-Patterns\Aula 15 - NTier - GereClientesCamadas\Dados\Dados.csproj", "{9E060789-A56C-4F66-97E1-C834FC4921AA}"
EndProject
Project("{FAE04EC0-301F-11D3-BF4B-00C04F79EFBC}") = "Regras", "Aula-15-Patterns\Aula 15 - NTier - GereClientesCamadas\Regras\Regras.csproj", "{57534825-ECD5-4283-9EE7-F0818150F4FF}"
EndProject
Project("{FAE04EC0-301F-11D3-BF4B-00C04F79EFBC}") = "TrataProblemas", "Aula-15-Patterns\Aula 15 - NTier - GereClientesCamadas\TrataProblemas\TrataProblemas.csproj", "{E76354F7-A950-4347-A5F2-344BCAB67E65}"
EndProject
Project("{2150E333-8FDC-42A3-9474-1A3956D46DE8}") = "MVC", "MVC", "{F19D3A8E-F50D-45E4-938D-51DFBD09188F}"
EndProject
Project("{FAE04EC0-301F-11D3-BF4B-00C04F79EFBC}") = "Aula 15 - MVC_I", "Aula-15-Patterns\MVC\Aula 15 - MVC_I\Aula 15 - MVC_I.csproj", "{F07A5802-0E69-4252-A885-B5AAF72C6B27}"
EndProject
Project("{FAE04EC0-301F-11D3-BF4B-00C04F79EFBC}") = "Aula 15 - MVC_II", "Aula-15-Patterns\MVC\Aula 15 - MVC_II\Aula 15 - MVC_II.csproj", "{F10A19C6-A2B5-4DD8-BA4E-97940126D16D}"
EndProject
Project("{FAE04EC0-301F-11D3-BF4B-00C04F79EFBC}") = "Aula-14-Exceptions", "Aula-14-Exceptions\Aula-14-Exceptions.csproj", "{3FC37F32-2D62-4331-82C0-534A9398D509}"
EndProject
Project("{FAE04EC0-301F-11D3-BF4B-00C04F79EFBC}") = "Aula-16-SRP", "Aula-16- SOLID\Aula-16-SRP\Aula-16-SRP.csproj", "{A751608E-4D6C-4685-8117-EC4100DC7540}"
EndProject
Project("{2150E333-8FDC-42A3-9474-1A3956D46DE8}") = "Aula-16-SOLID", "Aula-16-SOLID", "{8393E2FB-893E-4D68-8E1D-C3654DFF590D}"
EndProject
Project("{FAE04EC0-301F-11D3-BF4B-00C04F79EFBC}") = "Aula-16-IOC", "Aula-16- SOLID\Aula-16-IOC\Aula-16-IOC.csproj", "{49F85633-E913-4A04-AC7D-DE805E7FAB6B}"
EndProject
Global
	GlobalSection(SolutionConfigurationPlatforms) = preSolution
		Debug|Any CPU = Debug|Any CPU
		Release|Any CPU = Release|Any CPU
	EndGlobalSection
	GlobalSection(ProjectConfigurationPlatforms) = postSolution
		{8D248D7C-376E-4419-B483-53B234D7C8F8}.Debug|Any CPU.ActiveCfg = Debug|Any CPU
		{8D248D7C-376E-4419-B483-53B234D7C8F8}.Debug|Any CPU.Build.0 = Debug|Any CPU
		{8D248D7C-376E-4419-B483-53B234D7C8F8}.Release|Any CPU.ActiveCfg = Release|Any CPU
		{8D248D7C-376E-4419-B483-53B234D7C8F8}.Release|Any CPU.Build.0 = Release|Any CPU
		{A5C80723-9D46-4648-96D7-E6BBF9B77E96}.Debug|Any CPU.ActiveCfg = Debug|Any CPU
		{A5C80723-9D46-4648-96D7-E6BBF9B77E96}.Debug|Any CPU.Build.0 = Debug|Any CPU
		{A5C80723-9D46-4648-96D7-E6BBF9B77E96}.Release|Any CPU.ActiveCfg = Release|Any CPU
		{A5C80723-9D46-4648-96D7-E6BBF9B77E96}.Release|Any CPU.Build.0 = Release|Any CPU
		{C20041F8-68AE-420E-AD95-E36C56F6427E}.Debug|Any CPU.ActiveCfg = Debug|Any CPU
		{C20041F8-68AE-420E-AD95-E36C56F6427E}.Debug|Any CPU.Build.0 = Debug|Any CPU
		{C20041F8-68AE-420E-AD95-E36C56F6427E}.Release|Any CPU.ActiveCfg = Release|Any CPU
		{C20041F8-68AE-420E-AD95-E36C56F6427E}.Release|Any CPU.Build.0 = Release|Any CPU
		{7ACB1375-16EE-4572-9B4D-99B0A46C083E}.Debug|Any CPU.ActiveCfg = Debug|Any CPU
		{7ACB1375-16EE-4572-9B4D-99B0A46C083E}.Debug|Any CPU.Build.0 = Debug|Any CPU
		{7ACB1375-16EE-4572-9B4D-99B0A46C083E}.Release|Any CPU.ActiveCfg = Release|Any CPU
		{7ACB1375-16EE-4572-9B4D-99B0A46C083E}.Release|Any CPU.Build.0 = Release|Any CPU
		{01E1B64E-6EF2-4DCA-A1DE-3072F7F5C9CA}.Debug|Any CPU.ActiveCfg = Debug|Any CPU
		{01E1B64E-6EF2-4DCA-A1DE-3072F7F5C9CA}.Debug|Any CPU.Build.0 = Debug|Any CPU
		{01E1B64E-6EF2-4DCA-A1DE-3072F7F5C9CA}.Release|Any CPU.ActiveCfg = Release|Any CPU
		{01E1B64E-6EF2-4DCA-A1DE-3072F7F5C9CA}.Release|Any CPU.Build.0 = Release|Any CPU
		{960F11B2-FE3E-4EB5-BC25-E2DEEE78E76D}.Debug|Any CPU.ActiveCfg = Debug|Any CPU
		{960F11B2-FE3E-4EB5-BC25-E2DEEE78E76D}.Debug|Any CPU.Build.0 = Debug|Any CPU
		{960F11B2-FE3E-4EB5-BC25-E2DEEE78E76D}.Release|Any CPU.ActiveCfg = Release|Any CPU
		{960F11B2-FE3E-4EB5-BC25-E2DEEE78E76D}.Release|Any CPU.Build.0 = Release|Any CPU
		{E00D1CF0-BD7C-49C8-A446-BD93C8813CEB}.Debug|Any CPU.ActiveCfg = Debug|Any CPU
		{E00D1CF0-BD7C-49C8-A446-BD93C8813CEB}.Debug|Any CPU.Build.0 = Debug|Any CPU
		{E00D1CF0-BD7C-49C8-A446-BD93C8813CEB}.Release|Any CPU.ActiveCfg = Release|Any CPU
		{E00D1CF0-BD7C-49C8-A446-BD93C8813CEB}.Release|Any CPU.Build.0 = Release|Any CPU
		{4B4803D2-F33E-446F-8288-351BBB7E97CD}.Debug|Any CPU.ActiveCfg = Debug|Any CPU
		{4B4803D2-F33E-446F-8288-351BBB7E97CD}.Debug|Any CPU.Build.0 = Debug|Any CPU
		{4B4803D2-F33E-446F-8288-351BBB7E97CD}.Release|Any CPU.ActiveCfg = Release|Any CPU
		{4B4803D2-F33E-446F-8288-351BBB7E97CD}.Release|Any CPU.Build.0 = Release|Any CPU
		{6C035B3A-1CFB-447A-B257-FFB2B8833C20}.Debug|Any CPU.ActiveCfg = Debug|Any CPU
		{6C035B3A-1CFB-447A-B257-FFB2B8833C20}.Debug|Any CPU.Build.0 = Debug|Any CPU
		{6C035B3A-1CFB-447A-B257-FFB2B8833C20}.Release|Any CPU.ActiveCfg = Release|Any CPU
		{6C035B3A-1CFB-447A-B257-FFB2B8833C20}.Release|Any CPU.Build.0 = Release|Any CPU
		{B66ADEEE-F07C-4DE5-9DC3-E1D9268021CD}.Debug|Any CPU.ActiveCfg = Debug|Any CPU
		{B66ADEEE-F07C-4DE5-9DC3-E1D9268021CD}.Debug|Any CPU.Build.0 = Debug|Any CPU
		{B66ADEEE-F07C-4DE5-9DC3-E1D9268021CD}.Release|Any CPU.ActiveCfg = Release|Any CPU
		{B66ADEEE-F07C-4DE5-9DC3-E1D9268021CD}.Release|Any CPU.Build.0 = Release|Any CPU
		{10B7AA86-3B65-43B9-BCA7-9CE1C4148F23}.Debug|Any CPU.ActiveCfg = Debug|Any CPU
		{10B7AA86-3B65-43B9-BCA7-9CE1C4148F23}.Debug|Any CPU.Build.0 = Debug|Any CPU
		{10B7AA86-3B65-43B9-BCA7-9CE1C4148F23}.Release|Any CPU.ActiveCfg = Release|Any CPU
		{10B7AA86-3B65-43B9-BCA7-9CE1C4148F23}.Release|Any CPU.Build.0 = Release|Any CPU
		{06E65429-87B3-4C7C-A11F-8DD528A01E43}.Debug|Any CPU.ActiveCfg = Debug|Any CPU
		{06E65429-87B3-4C7C-A11F-8DD528A01E43}.Debug|Any CPU.Build.0 = Debug|Any CPU
		{06E65429-87B3-4C7C-A11F-8DD528A01E43}.Release|Any CPU.ActiveCfg = Release|Any CPU
		{06E65429-87B3-4C7C-A11F-8DD528A01E43}.Release|Any CPU.Build.0 = Release|Any CPU
		{672C237E-E4F0-405B-ABE9-9DB4E859B610}.Debug|Any CPU.ActiveCfg = Debug|Any CPU
		{672C237E-E4F0-405B-ABE9-9DB4E859B610}.Debug|Any CPU.Build.0 = Debug|Any CPU
		{672C237E-E4F0-405B-ABE9-9DB4E859B610}.Release|Any CPU.ActiveCfg = Release|Any CPU
		{672C237E-E4F0-405B-ABE9-9DB4E859B610}.Release|Any CPU.Build.0 = Release|Any CPU
		{1C61CFA8-93C1-45F6-B6D1-29C507A1D535}.Debug|Any CPU.ActiveCfg = Debug|Any CPU
		{1C61CFA8-93C1-45F6-B6D1-29C507A1D535}.Debug|Any CPU.Build.0 = Debug|Any CPU
		{1C61CFA8-93C1-45F6-B6D1-29C507A1D535}.Release|Any CPU.ActiveCfg = Release|Any CPU
		{1C61CFA8-93C1-45F6-B6D1-29C507A1D535}.Release|Any CPU.Build.0 = Release|Any CPU
		{1F323749-4E0A-43DC-8698-24E2769AD436}.Debug|Any CPU.ActiveCfg = Debug|Any CPU
		{1F323749-4E0A-43DC-8698-24E2769AD436}.Debug|Any CPU.Build.0 = Debug|Any CPU
		{1F323749-4E0A-43DC-8698-24E2769AD436}.Release|Any CPU.ActiveCfg = Release|Any CPU
		{1F323749-4E0A-43DC-8698-24E2769AD436}.Release|Any CPU.Build.0 = Release|Any CPU
		{8FFD2734-912E-49BC-B46F-B4A78444741A}.Debug|Any CPU.ActiveCfg = Debug|Any CPU
		{8FFD2734-912E-49BC-B46F-B4A78444741A}.Debug|Any CPU.Build.0 = Debug|Any CPU
		{8FFD2734-912E-49BC-B46F-B4A78444741A}.Release|Any CPU.ActiveCfg = Release|Any CPU
		{8FFD2734-912E-49BC-B46F-B4A78444741A}.Release|Any CPU.Build.0 = Release|Any CPU
		{9E060789-A56C-4F66-97E1-C834FC4921AA}.Debug|Any CPU.ActiveCfg = Debug|Any CPU
		{9E060789-A56C-4F66-97E1-C834FC4921AA}.Debug|Any CPU.Build.0 = Debug|Any CPU
		{9E060789-A56C-4F66-97E1-C834FC4921AA}.Release|Any CPU.ActiveCfg = Release|Any CPU
		{9E060789-A56C-4F66-97E1-C834FC4921AA}.Release|Any CPU.Build.0 = Release|Any CPU
		{57534825-ECD5-4283-9EE7-F0818150F4FF}.Debug|Any CPU.ActiveCfg = Debug|Any CPU
		{57534825-ECD5-4283-9EE7-F0818150F4FF}.Debug|Any CPU.Build.0 = Debug|Any CPU
		{57534825-ECD5-4283-9EE7-F0818150F4FF}.Release|Any CPU.ActiveCfg = Release|Any CPU
		{57534825-ECD5-4283-9EE7-F0818150F4FF}.Release|Any CPU.Build.0 = Release|Any CPU
		{E76354F7-A950-4347-A5F2-344BCAB67E65}.Debug|Any CPU.ActiveCfg = Debug|Any CPU
		{E76354F7-A950-4347-A5F2-344BCAB67E65}.Debug|Any CPU.Build.0 = Debug|Any CPU
		{E76354F7-A950-4347-A5F2-344BCAB67E65}.Release|Any CPU.ActiveCfg = Release|Any CPU
		{E76354F7-A950-4347-A5F2-344BCAB67E65}.Release|Any CPU.Build.0 = Release|Any CPU
		{F07A5802-0E69-4252-A885-B5AAF72C6B27}.Debug|Any CPU.ActiveCfg = Debug|Any CPU
		{F07A5802-0E69-4252-A885-B5AAF72C6B27}.Debug|Any CPU.Build.0 = Debug|Any CPU
		{F07A5802-0E69-4252-A885-B5AAF72C6B27}.Release|Any CPU.ActiveCfg = Release|Any CPU
		{F07A5802-0E69-4252-A885-B5AAF72C6B27}.Release|Any CPU.Build.0 = Release|Any CPU
		{F10A19C6-A2B5-4DD8-BA4E-97940126D16D}.Debug|Any CPU.ActiveCfg = Debug|Any CPU
		{F10A19C6-A2B5-4DD8-BA4E-97940126D16D}.Debug|Any CPU.Build.0 = Debug|Any CPU
		{F10A19C6-A2B5-4DD8-BA4E-97940126D16D}.Release|Any CPU.ActiveCfg = Release|Any CPU
		{F10A19C6-A2B5-4DD8-BA4E-97940126D16D}.Release|Any CPU.Build.0 = Release|Any CPU
		{3FC37F32-2D62-4331-82C0-534A9398D509}.Debug|Any CPU.ActiveCfg = Debug|Any CPU
		{3FC37F32-2D62-4331-82C0-534A9398D509}.Debug|Any CPU.Build.0 = Debug|Any CPU
		{3FC37F32-2D62-4331-82C0-534A9398D509}.Release|Any CPU.ActiveCfg = Release|Any CPU
		{3FC37F32-2D62-4331-82C0-534A9398D509}.Release|Any CPU.Build.0 = Release|Any CPU
		{A751608E-4D6C-4685-8117-EC4100DC7540}.Debug|Any CPU.ActiveCfg = Debug|Any CPU
		{A751608E-4D6C-4685-8117-EC4100DC7540}.Debug|Any CPU.Build.0 = Debug|Any CPU
		{A751608E-4D6C-4685-8117-EC4100DC7540}.Release|Any CPU.ActiveCfg = Release|Any CPU
		{A751608E-4D6C-4685-8117-EC4100DC7540}.Release|Any CPU.Build.0 = Release|Any CPU
		{49F85633-E913-4A04-AC7D-DE805E7FAB6B}.Debug|Any CPU.ActiveCfg = Debug|Any CPU
		{49F85633-E913-4A04-AC7D-DE805E7FAB6B}.Debug|Any CPU.Build.0 = Debug|Any CPU
		{49F85633-E913-4A04-AC7D-DE805E7FAB6B}.Release|Any CPU.ActiveCfg = Release|Any CPU
		{49F85633-E913-4A04-AC7D-DE805E7FAB6B}.Release|Any CPU.Build.0 = Release|Any CPU
	EndGlobalSection
	GlobalSection(SolutionProperties) = preSolution
		HideSolutionNode = FALSE
	EndGlobalSection
	GlobalSection(NestedProjects) = preSolution
		{1C61CFA8-93C1-45F6-B6D1-29C507A1D535} = {6AA01382-54FB-4D37-9CDC-8A5D35B10189}
		{1F323749-4E0A-43DC-8698-24E2769AD436} = {A3924EEB-3186-45D8-BCFE-BA975EB454D5}
		{6AA01382-54FB-4D37-9CDC-8A5D35B10189} = {A3924EEB-3186-45D8-BCFE-BA975EB454D5}
		{8FFD2734-912E-49BC-B46F-B4A78444741A} = {6AA01382-54FB-4D37-9CDC-8A5D35B10189}
		{9E060789-A56C-4F66-97E1-C834FC4921AA} = {6AA01382-54FB-4D37-9CDC-8A5D35B10189}
		{57534825-ECD5-4283-9EE7-F0818150F4FF} = {6AA01382-54FB-4D37-9CDC-8A5D35B10189}
		{E76354F7-A950-4347-A5F2-344BCAB67E65} = {6AA01382-54FB-4D37-9CDC-8A5D35B10189}
		{F19D3A8E-F50D-45E4-938D-51DFBD09188F} = {A3924EEB-3186-45D8-BCFE-BA975EB454D5}
		{F07A5802-0E69-4252-A885-B5AAF72C6B27} = {F19D3A8E-F50D-45E4-938D-51DFBD09188F}
		{F10A19C6-A2B5-4DD8-BA4E-97940126D16D} = {F19D3A8E-F50D-45E4-938D-51DFBD09188F}
		{A751608E-4D6C-4685-8117-EC4100DC7540} = {8393E2FB-893E-4D68-8E1D-C3654DFF590D}
		{49F85633-E913-4A04-AC7D-DE805E7FAB6B} = {8393E2FB-893E-4D68-8E1D-C3654DFF590D}
	EndGlobalSection
	GlobalSection(ExtensibilityGlobals) = postSolution
		SolutionGuid = {E26F342E-5288-4548-A010-4B7583C7E264}
	EndGlobalSection
EndGlobal
